Microsoft Visual Studio Solution File, Format Version 11.00
# Visual Studio 2008

Project("{F77D2F6A-FDE6-DC0E-7E0A-984CF9C451D0}") = "Unity MathLand", "Assembly-CSharp-firstpass.csproj", "{F43C2A05-E401-00C1-8471-F04369613DE2}"
EndProject
Project("{F77D2F6A-FDE6-DC0E-7E0A-984CF9C451D0}") = "Unity MathLand", "Assembly-CSharp.csproj", "{F6EA8BE5-5C7F-5371-855E-6C7A3BD55854}"
EndProject
Global
	GlobalSection(SolutionConfigurationPlatforms) = preSolution
		Debug|Any CPU = Debug|Any CPU
		Release|Any CPU = Release|Any CPU
	EndGlobalSection
	GlobalSection(ProjectConfigurationPlatforms) = postSolution
		{F43C2A05-E401-00C1-8471-F04369613DE2}.Debug|Any CPU.ActiveCfg = Debug|Any CPU
		{F43C2A05-E401-00C1-8471-F04369613DE2}.Debug|Any CPU.Build.0 = Debug|Any CPU
		{F43C2A05-E401-00C1-8471-F04369613DE2}.Release|Any CPU.ActiveCfg = Release|Any CPU
		{F43C2A05-E401-00C1-8471-F04369613DE2}.Release|Any CPU.Build.0 = Release|Any CPU
		{F6EA8BE5-5C7F-5371-855E-6C7A3BD55854}.Debug|Any CPU.ActiveCfg = Debug|Any CPU
		{F6EA8BE5-5C7F-5371-855E-6C7A3BD55854}.Debug|Any CPU.Build.0 = Debug|Any CPU
		{F6EA8BE5-5C7F-5371-855E-6C7A3BD55854}.Release|Any CPU.ActiveCfg = Release|Any CPU
		{F6EA8BE5-5C7F-5371-855E-6C7A3BD55854}.Release|Any CPU.Build.0 = Release|Any CPU
	EndGlobalSection
	GlobalSection(SolutionProperties) = preSolution
		HideSolutionNode = FALSE
	EndGlobalSection
																																																																																														GlobalSection(MonoDevelopProperties) = preSolution
		StartupItem = Assembly-CSharp.csproj
		Policies = $0
		$0.TextStylePolicy = $1
		$1.inheritsSet = null
		$1.scope = text/x-csharp
		$0.CSharpFormattingPolicy = $2
		$2.inheritsSet = Mono
		$2.inheritsScope = text/x-csharp
		$2.scope = text/x-csharp
		$0.TextStylePolicy = $3
		$3.FileWidth = 120
		$3.TabWidth = 4
		$3.EolMarker = Unix
		$3.inheritsSet = Mono
		$3.inheritsScope = text/plain
		$3.scope = text/plain
	EndGlobalSection

EndGlobal
