
Microsoft Visual Studio Solution File, Format Version 12.00
# Visual Studio 2015
Project("{FAE04EC0-301F-11D3-BF4B-00C04F79EFBC}") = "Unity MathLand.CSharp.Plugins", "Unity MathLand.CSharp.Plugins.csproj", "{9BBFFAAF-EA81-52CF-1E49-9CA57051879A}"
EndProject
Project("{FAE04EC0-301F-11D3-BF4B-00C04F79EFBC}") = "Unity MathLand.CSharp", "Unity MathLand.CSharp.csproj", "{887E3083-7DDC-66C7-9FE9-61D09D8EACBD}"
EndProject
Global
	GlobalSection(SolutionConfigurationPlatforms) = preSolution
		Debug|Any CPU = Debug|Any CPU
		Release|Any CPU = Release|Any CPU
	EndGlobalSection
	GlobalSection(ProjectConfigurationPlatforms) = postSolution
		{9BBFFAAF-EA81-52CF-1E49-9CA57051879A}.Debug|Any CPU.ActiveCfg = Debug|Any CPU
		{9BBFFAAF-EA81-52CF-1E49-9CA57051879A}.Debug|Any CPU.Build.0 = Debug|Any CPU
		{9BBFFAAF-EA81-52CF-1E49-9CA57051879A}.Release|Any CPU.ActiveCfg = Release|Any CPU
		{9BBFFAAF-EA81-52CF-1E49-9CA57051879A}.Release|Any CPU.Build.0 = Release|Any CPU
		{887E3083-7DDC-66C7-9FE9-61D09D8EACBD}.Debug|Any CPU.ActiveCfg = Debug|Any CPU
		{887E3083-7DDC-66C7-9FE9-61D09D8EACBD}.Debug|Any CPU.Build.0 = Debug|Any CPU
		{887E3083-7DDC-66C7-9FE9-61D09D8EACBD}.Release|Any CPU.ActiveCfg = Release|Any CPU
		{887E3083-7DDC-66C7-9FE9-61D09D8EACBD}.Release|Any CPU.Build.0 = Release|Any CPU
	EndGlobalSection
	GlobalSection(SolutionProperties) = preSolution
		HideSolutionNode = FALSE
	EndGlobalSection
EndGlobal
